
Microsoft Visual Studio Solution File, Format Version 12.00
# Visual Studio Version 17
VisualStudioVersion = 17.0.31903.59
MinimumVisualStudioVersion = 10.0.40219.1
Project("{2150E333-8FDC-42A3-9474-1A3956D46DE8}") = "src", "src", "{827E0CD3-B72D-47B6-A68D-7590B98EB39B}"
EndProject
Project("{FAE04EC0-301F-11D3-BF4B-00C04F79EFBC}") = "ControleFinanceiro.Application", "src\ControleFinanceiro.Application\ControleFinanceiro.Application.csproj", "{06A75000-6076-4704-9818-33CEBB7CE551}"
EndProject
Project("{FAE04EC0-301F-11D3-BF4B-00C04F79EFBC}") = "ControleFinanceiro.Domain", "src\ControleFinanceiro.Domain\ControleFinanceiro.Domain.csproj", "{9A61A067-7F50-43E2-8576-FE492DCC9529}"
EndProject
Project("{FAE04EC0-301F-11D3-BF4B-00C04F79EFBC}") = "ControleFinanceiro.Infrastructure", "src\ControleFinanceiro.Infrastructure\ControleFinanceiro.Infrastructure.csproj", "{BB5916D8-F814-461B-B6E1-968ECAC8022B}"
EndProject
Project("{2150E333-8FDC-42A3-9474-1A3956D46DE8}") = "test", "test", "{0C88DD14-F956-CE84-757C-A364CCF449FC}"
EndProject
Project("{FAE04EC0-301F-11D3-BF4B-00C04F79EFBC}") = "ControleFinanceiro.UnitTest", "test\ControleFinanceiro.UnitTest\ControleFinanceiro.UnitTest.csproj", "{D5692F1A-9B25-4EB4-A20C-173F4E5C8A22}"
EndProject
Global
	GlobalSection(SolutionConfigurationPlatforms) = preSolution
		Debug|Any CPU = Debug|Any CPU
		Debug|x64 = Debug|x64
		Debug|x86 = Debug|x86
		Release|Any CPU = Release|Any CPU
		Release|x64 = Release|x64
		Release|x86 = Release|x86
	EndGlobalSection
	GlobalSection(ProjectConfigurationPlatforms) = postSolution
		{06A75000-6076-4704-9818-33CEBB7CE551}.Debug|Any CPU.ActiveCfg = Debug|Any CPU
		{06A75000-6076-4704-9818-33CEBB7CE551}.Debug|Any CPU.Build.0 = Debug|Any CPU
		{06A75000-6076-4704-9818-33CEBB7CE551}.Debug|x64.ActiveCfg = Debug|Any CPU
		{06A75000-6076-4704-9818-33CEBB7CE551}.Debug|x64.Build.0 = Debug|Any CPU
		{06A75000-6076-4704-9818-33CEBB7CE551}.Debug|x86.ActiveCfg = Debug|Any CPU
		{06A75000-6076-4704-9818-33CEBB7CE551}.Debug|x86.Build.0 = Debug|Any CPU
		{06A75000-6076-4704-9818-33CEBB7CE551}.Release|Any CPU.ActiveCfg = Release|Any CPU
		{06A75000-6076-4704-9818-33CEBB7CE551}.Release|Any CPU.Build.0 = Release|Any CPU
		{06A75000-6076-4704-9818-33CEBB7CE551}.Release|x64.ActiveCfg = Release|Any CPU
		{06A75000-6076-4704-9818-33CEBB7CE551}.Release|x64.Build.0 = Release|Any CPU
		{06A75000-6076-4704-9818-33CEBB7CE551}.Release|x86.ActiveCfg = Release|Any CPU
		{06A75000-6076-4704-9818-33CEBB7CE551}.Release|x86.Build.0 = Release|Any CPU
		{9A61A067-7F50-43E2-8576-FE492DCC9529}.Debug|Any CPU.ActiveCfg = Debug|Any CPU
		{9A61A067-7F50-43E2-8576-FE492DCC9529}.Debug|Any CPU.Build.0 = Debug|Any CPU
		{9A61A067-7F50-43E2-8576-FE492DCC9529}.Debug|x64.ActiveCfg = Debug|Any CPU
		{9A61A067-7F50-43E2-8576-FE492DCC9529}.Debug|x64.Build.0 = Debug|Any CPU
		{9A61A067-7F50-43E2-8576-FE492DCC9529}.Debug|x86.ActiveCfg = Debug|Any CPU
		{9A61A067-7F50-43E2-8576-FE492DCC9529}.Debug|x86.Build.0 = Debug|Any CPU
		{9A61A067-7F50-43E2-8576-FE492DCC9529}.Release|Any CPU.ActiveCfg = Release|Any CPU
		{9A61A067-7F50-43E2-8576-FE492DCC9529}.Release|Any CPU.Build.0 = Release|Any CPU
		{9A61A067-7F50-43E2-8576-FE492DCC9529}.Release|x64.ActiveCfg = Release|Any CPU
		{9A61A067-7F50-43E2-8576-FE492DCC9529}.Release|x64.Build.0 = Release|Any CPU
		{9A61A067-7F50-43E2-8576-FE492DCC9529}.Release|x86.ActiveCfg = Release|Any CPU
		{9A61A067-7F50-43E2-8576-FE492DCC9529}.Release|x86.Build.0 = Release|Any CPU
		{BB5916D8-F814-461B-B6E1-968ECAC8022B}.Debug|Any CPU.ActiveCfg = Debug|Any CPU
		{BB5916D8-F814-461B-B6E1-968ECAC8022B}.Debug|Any CPU.Build.0 = Debug|Any CPU
		{BB5916D8-F814-461B-B6E1-968ECAC8022B}.Debug|x64.ActiveCfg = Debug|Any CPU
		{BB5916D8-F814-461B-B6E1-968ECAC8022B}.Debug|x64.Build.0 = Debug|Any CPU
		{BB5916D8-F814-461B-B6E1-968ECAC8022B}.Debug|x86.ActiveCfg = Debug|Any CPU
		{BB5916D8-F814-461B-B6E1-968ECAC8022B}.Debug|x86.Build.0 = Debug|Any CPU
		{BB5916D8-F814-461B-B6E1-968ECAC8022B}.Release|Any CPU.ActiveCfg = Release|Any CPU
		{BB5916D8-F814-461B-B6E1-968ECAC8022B}.Release|Any CPU.Build.0 = Release|Any CPU
		{BB5916D8-F814-461B-B6E1-968ECAC8022B}.Release|x64.ActiveCfg = Release|Any CPU
		{BB5916D8-F814-461B-B6E1-968ECAC8022B}.Release|x64.Build.0 = Release|Any CPU
		{BB5916D8-F814-461B-B6E1-968ECAC8022B}.Release|x86.ActiveCfg = Release|Any CPU
		{BB5916D8-F814-461B-B6E1-968ECAC8022B}.Release|x86.Build.0 = Release|Any CPU
		{D5692F1A-9B25-4EB4-A20C-173F4E5C8A22}.Debug|Any CPU.ActiveCfg = Debug|Any CPU
		{D5692F1A-9B25-4EB4-A20C-173F4E5C8A22}.Debug|Any CPU.Build.0 = Debug|Any CPU
		{D5692F1A-9B25-4EB4-A20C-173F4E5C8A22}.Debug|x64.ActiveCfg = Debug|Any CPU
		{D5692F1A-9B25-4EB4-A20C-173F4E5C8A22}.Debug|x64.Build.0 = Debug|Any CPU
		{D5692F1A-9B25-4EB4-A20C-173F4E5C8A22}.Debug|x86.ActiveCfg = Debug|Any CPU
		{D5692F1A-9B25-4EB4-A20C-173F4E5C8A22}.Debug|x86.Build.0 = Debug|Any CPU
		{D5692F1A-9B25-4EB4-A20C-173F4E5C8A22}.Release|Any CPU.ActiveCfg = Release|Any CPU
		{D5692F1A-9B25-4EB4-A20C-173F4E5C8A22}.Release|Any CPU.Build.0 = Release|Any CPU
		{D5692F1A-9B25-4EB4-A20C-173F4E5C8A22}.Release|x64.ActiveCfg = Release|Any CPU
		{D5692F1A-9B25-4EB4-A20C-173F4E5C8A22}.Release|x64.Build.0 = Release|Any CPU
		{D5692F1A-9B25-4EB4-A20C-173F4E5C8A22}.Release|x86.ActiveCfg = Release|Any CPU
		{D5692F1A-9B25-4EB4-A20C-173F4E5C8A22}.Release|x86.Build.0 = Release|Any CPU
	EndGlobalSection
	GlobalSection(SolutionProperties) = preSolution
		HideSolutionNode = FALSE
	EndGlobalSection
	GlobalSection(NestedProjects) = preSolution
		{06A75000-6076-4704-9818-33CEBB7CE551} = {827E0CD3-B72D-47B6-A68D-7590B98EB39B}
		{9A61A067-7F50-43E2-8576-FE492DCC9529} = {827E0CD3-B72D-47B6-A68D-7590B98EB39B}
		{BB5916D8-F814-461B-B6E1-968ECAC8022B} = {827E0CD3-B72D-47B6-A68D-7590B98EB39B}
		{D5692F1A-9B25-4EB4-A20C-173F4E5C8A22} = {0C88DD14-F956-CE84-757C-A364CCF449FC}
	EndGlobalSection
EndGlobal
